
Microsoft Visual Studio Solution File, Format Version 12.00
# Visual Studio 15
VisualStudioVersion = 15.0.27130.2026
MinimumVisualStudioVersion = 10.0.40219.1
Project("{FAE04EC0-301F-11D3-BF4B-00C04F79EFBC}") = "szavak", "szavak\szavak.csproj", "{4BE5BCB6-F01A-40C4-9C3B-B89A98CDA4FC}"
EndProject
Global
	GlobalSection(SolutionConfigurationPlatforms) = preSolution
		Debug|Any CPU = Debug|Any CPU
		Release|Any CPU = Release|Any CPU
	EndGlobalSection
	GlobalSection(ProjectConfigurationPlatforms) = postSolution
		{4BE5BCB6-F01A-40C4-9C3B-B89A98CDA4FC}.Debug|Any CPU.ActiveCfg = Debug|Any CPU
		{4BE5BCB6-F01A-40C4-9C3B-B89A98CDA4FC}.Debug|Any CPU.Build.0 = Debug|Any CPU
		{4BE5BCB6-F01A-40C4-9C3B-B89A98CDA4FC}.Release|Any CPU.ActiveCfg = Release|Any CPU
		{4BE5BCB6-F01A-40C4-9C3B-B89A98CDA4FC}.Release|Any CPU.Build.0 = Release|Any CPU
	EndGlobalSection
	GlobalSection(SolutionProperties) = preSolution
		HideSolutionNode = FALSE
	EndGlobalSection
	GlobalSection(ExtensibilityGlobals) = postSolution
		SolutionGuid = {4C5E926F-C33A-4D99-9543-F1DF9860E967}
	EndGlobalSection
EndGlobal
